// !$*UTF8*$!
{
	archiveVersion = 1;
	classes = {
	};
	objectVersion = 56;
	objects = {

/* Begin PBXBuildFile section */
		016499D42A01D08E00574798 /* RecipeCarousel.swift in Sources */ = {isa = PBXBuildFile; fileRef = 016499D32A01D08E00574798 /* RecipeCarousel.swift */; };
		46B188A92A00D0010000BC14 /* AcademicEats.swift in Sources */ = {isa = PBXBuildFile; fileRef = 46B188A82A00D0010000BC14 /* AcademicEats.swift */; };
		46B188AB2A01893B0000BC14 /* FavoriteButton.swift in Sources */ = {isa = PBXBuildFile; fileRef = 46B188AA2A01893B0000BC14 /* FavoriteButton.swift */; };
		46B3E8D529FF7CDF0016401E /* AcademicEatService.swift in Sources */ = {isa = PBXBuildFile; fileRef = 46B3E8D429FF7CDF0016401E /* AcademicEatService.swift */; };
		6B4D200D29F74843008B8DE4 /* SubMeal.swift in Sources */ = {isa = PBXBuildFile; fileRef = 6B4D200C29F74843008B8DE4 /* SubMeal.swift */; };
		6B4D200F29F74B56008B8DE4 /* MealGenerator.swift in Sources */ = {isa = PBXBuildFile; fileRef = 6B4D200E29F74B56008B8DE4 /* MealGenerator.swift */; };
		6B4D201629F76871008B8DE4 /* MealDetail.swift in Sources */ = {isa = PBXBuildFile; fileRef = 6B4D201529F76871008B8DE4 /* MealDetail.swift */; };
		6BA0E0FD29F71B5E0032D902 /* AcademicEatsApp.swift in Sources */ = {isa = PBXBuildFile; fileRef = 6BA0E0FC29F71B5E0032D902 /* AcademicEatsApp.swift */; };
		6BA0E0FF29F71B5E0032D902 /* ContentView.swift in Sources */ = {isa = PBXBuildFile; fileRef = 6BA0E0FE29F71B5E0032D902 /* ContentView.swift */; };
		6BA0E10129F71B5F0032D902 /* Assets.xcassets in Resources */ = {isa = PBXBuildFile; fileRef = 6BA0E10029F71B5F0032D902 /* Assets.xcassets */; };
		6BA0E10429F71B5F0032D902 /* Preview Assets.xcassets in Resources */ = {isa = PBXBuildFile; fileRef = 6BA0E10329F71B5F0032D902 /* Preview Assets.xcassets */; };
		6BA0E10C29F71FD40032D902 /* HomeView.swift in Sources */ = {isa = PBXBuildFile; fileRef = 6BA0E10B29F71FD40032D902 /* HomeView.swift */; };
		6BA0E10E29F71FF80032D902 /* SearchRecipe.swift in Sources */ = {isa = PBXBuildFile; fileRef = 6BA0E10D29F71FF80032D902 /* SearchRecipe.swift */; };
		6BA0E11029F720A70032D902 /* TabBar.swift in Sources */ = {isa = PBXBuildFile; fileRef = 6BA0E10F29F720A70032D902 /* TabBar.swift */; };
		6BA0E11229F720DA0032D902 /* FavoriteRecipes.swift in Sources */ = {isa = PBXBuildFile; fileRef = 6BA0E11129F720DA0032D902 /* FavoriteRecipes.swift */; };
		6BA0E11629F729FF0032D902 /* RecipeCard.swift in Sources */ = {isa = PBXBuildFile; fileRef = 6BA0E11529F729FF0032D902 /* RecipeCard.swift */; };
		6BA0E11829F72F210032D902 /* RecipeList.swift in Sources */ = {isa = PBXBuildFile; fileRef = 6BA0E11729F72F210032D902 /* RecipeList.swift */; };
		6BA0E11A29F732750032D902 /* RecipeDetailView.swift in Sources */ = {isa = PBXBuildFile; fileRef = 6BA0E11929F732750032D902 /* RecipeDetailView.swift */; };
		7A89032529FA3CA300E96B9F /* FirebaseAuthUI in Frameworks */ = {isa = PBXBuildFile; productRef = 7A89032429FA3CA300E96B9F /* FirebaseAuthUI */; };
		7A89032729FA3CA300E96B9F /* FirebaseEmailAuthUI in Frameworks */ = {isa = PBXBuildFile; productRef = 7A89032629FA3CA300E96B9F /* FirebaseEmailAuthUI */; };
		7A89032B29FA424500E96B9F /* AcademicEatsAuth.swift in Sources */ = {isa = PBXBuildFile; fileRef = 7A89032A29FA424500E96B9F /* AcademicEatsAuth.swift */; };
		7A89032D29FA445000E96B9F /* AuthenticationViewController.swift in Sources */ = {isa = PBXBuildFile; fileRef = 7A89032C29FA445000E96B9F /* AuthenticationViewController.swift */; };
		7A92679329F7789B00CF61D4 /* GoogleService-Info.plist in Resources */ = {isa = PBXBuildFile; fileRef = 7A92679229F7789B00CF61D4 /* GoogleService-Info.plist */; };
		7A92679629F7849500CF61D4 /* FirebaseAuth in Frameworks */ = {isa = PBXBuildFile; productRef = 7A92679529F7849500CF61D4 /* FirebaseAuth */; };
		7A92679829F7849500CF61D4 /* FirebaseDatabase in Frameworks */ = {isa = PBXBuildFile; productRef = 7A92679729F7849500CF61D4 /* FirebaseDatabase */; };
		7A92679A29F7849500CF61D4 /* FirebaseFirestore in Frameworks */ = {isa = PBXBuildFile; productRef = 7A92679929F7849500CF61D4 /* FirebaseFirestore */; };
		7A92679C29F7871100CF61D4 /* AcademicEatsDelegate.swift in Sources */ = {isa = PBXBuildFile; fileRef = 7A92679B29F7871100CF61D4 /* AcademicEatsDelegate.swift */; };
/* End PBXBuildFile section */

/* Begin PBXFileReference section */
		016499D32A01D08E00574798 /* RecipeCarousel.swift */ = {isa = PBXFileReference; lastKnownFileType = sourcecode.swift; path = RecipeCarousel.swift; sourceTree = "<group>"; };
		46B188A82A00D0010000BC14 /* AcademicEats.swift */ = {isa = PBXFileReference; lastKnownFileType = sourcecode.swift; path = AcademicEats.swift; sourceTree = "<group>"; };
		46B188AA2A01893B0000BC14 /* FavoriteButton.swift */ = {isa = PBXFileReference; lastKnownFileType = sourcecode.swift; path = FavoriteButton.swift; sourceTree = "<group>"; };
		46B3E8D429FF7CDF0016401E /* AcademicEatService.swift */ = {isa = PBXFileReference; lastKnownFileType = sourcecode.swift; path = AcademicEatService.swift; sourceTree = "<group>"; };
		6B4D200C29F74843008B8DE4 /* SubMeal.swift */ = {isa = PBXFileReference; lastKnownFileType = sourcecode.swift; path = SubMeal.swift; sourceTree = "<group>"; };
		6B4D200E29F74B56008B8DE4 /* MealGenerator.swift */ = {isa = PBXFileReference; lastKnownFileType = sourcecode.swift; path = MealGenerator.swift; sourceTree = "<group>"; };
		6B4D201529F76871008B8DE4 /* MealDetail.swift */ = {isa = PBXFileReference; lastKnownFileType = sourcecode.swift; path = MealDetail.swift; sourceTree = "<group>"; };
		6BA0E0F929F71B5E0032D902 /* AcademicEats.app */ = {isa = PBXFileReference; explicitFileType = wrapper.application; includeInIndex = 0; path = AcademicEats.app; sourceTree = BUILT_PRODUCTS_DIR; };
		6BA0E0FC29F71B5E0032D902 /* AcademicEatsApp.swift */ = {isa = PBXFileReference; lastKnownFileType = sourcecode.swift; path = AcademicEatsApp.swift; sourceTree = "<group>"; };
		6BA0E0FE29F71B5E0032D902 /* ContentView.swift */ = {isa = PBXFileReference; lastKnownFileType = sourcecode.swift; path = ContentView.swift; sourceTree = "<group>"; };
		6BA0E10029F71B5F0032D902 /* Assets.xcassets */ = {isa = PBXFileReference; lastKnownFileType = folder.assetcatalog; path = Assets.xcassets; sourceTree = "<group>"; };
		6BA0E10329F71B5F0032D902 /* Preview Assets.xcassets */ = {isa = PBXFileReference; lastKnownFileType = folder.assetcatalog; path = "Preview Assets.xcassets"; sourceTree = "<group>"; };
		6BA0E10B29F71FD40032D902 /* HomeView.swift */ = {isa = PBXFileReference; lastKnownFileType = sourcecode.swift; path = HomeView.swift; sourceTree = "<group>"; };
		6BA0E10D29F71FF80032D902 /* SearchRecipe.swift */ = {isa = PBXFileReference; lastKnownFileType = sourcecode.swift; path = SearchRecipe.swift; sourceTree = "<group>"; };
		6BA0E10F29F720A70032D902 /* TabBar.swift */ = {isa = PBXFileReference; lastKnownFileType = sourcecode.swift; path = TabBar.swift; sourceTree = "<group>"; };
		6BA0E11129F720DA0032D902 /* FavoriteRecipes.swift */ = {isa = PBXFileReference; lastKnownFileType = sourcecode.swift; path = FavoriteRecipes.swift; sourceTree = "<group>"; };
		6BA0E11529F729FF0032D902 /* RecipeCard.swift */ = {isa = PBXFileReference; lastKnownFileType = sourcecode.swift; path = RecipeCard.swift; sourceTree = "<group>"; };
		6BA0E11729F72F210032D902 /* RecipeList.swift */ = {isa = PBXFileReference; lastKnownFileType = sourcecode.swift; path = RecipeList.swift; sourceTree = "<group>"; };
		6BA0E11929F732750032D902 /* RecipeDetailView.swift */ = {isa = PBXFileReference; lastKnownFileType = sourcecode.swift; path = RecipeDetailView.swift; sourceTree = "<group>"; };
		7A89032A29FA424500E96B9F /* AcademicEatsAuth.swift */ = {isa = PBXFileReference; lastKnownFileType = sourcecode.swift; path = AcademicEatsAuth.swift; sourceTree = "<group>"; };
		7A89032C29FA445000E96B9F /* AuthenticationViewController.swift */ = {isa = PBXFileReference; lastKnownFileType = sourcecode.swift; path = AuthenticationViewController.swift; sourceTree = "<group>"; };
		7A92679229F7789B00CF61D4 /* GoogleService-Info.plist */ = {isa = PBXFileReference; fileEncoding = 4; lastKnownFileType = text.plist.xml; path = "GoogleService-Info.plist"; sourceTree = "<group>"; };
		7A92679B29F7871100CF61D4 /* AcademicEatsDelegate.swift */ = {isa = PBXFileReference; lastKnownFileType = sourcecode.swift; path = AcademicEatsDelegate.swift; sourceTree = "<group>"; };
/* End PBXFileReference section */

/* Begin PBXFrameworksBuildPhase section */
		6BA0E0F629F71B5E0032D902 /* Frameworks */ = {
			isa = PBXFrameworksBuildPhase;
			buildActionMask = 2147483647;
			files = (
				7A89032729FA3CA300E96B9F /* FirebaseEmailAuthUI in Frameworks */,
				7A92679829F7849500CF61D4 /* FirebaseDatabase in Frameworks */,
				7A92679629F7849500CF61D4 /* FirebaseAuth in Frameworks */,
				7A92679A29F7849500CF61D4 /* FirebaseFirestore in Frameworks */,
				7A89032529FA3CA300E96B9F /* FirebaseAuthUI in Frameworks */,
			);
			runOnlyForDeploymentPostprocessing = 0;
		};
/* End PBXFrameworksBuildPhase section */

/* Begin PBXGroup section */
		016499D22A00A57800574798 /* API */ = {
			isa = PBXGroup;
			children = (
				6B4D200E29F74B56008B8DE4 /* MealGenerator.swift */,
			);
			path = API;
			sourceTree = "<group>";
		};
		016499D72A0200B800574798 /* FavoritesViews */ = {
			isa = PBXGroup;
			children = (
				6BA0E11129F720DA0032D902 /* FavoriteRecipes.swift */,
				46B188AA2A01893B0000BC14 /* FavoriteButton.swift */,
			);
			path = FavoritesViews;
			sourceTree = "<group>";
		};
		467FB4E429FF097F007CDB03 /* Services */ = {
			isa = PBXGroup;
			children = (
				7A89032A29FA424500E96B9F /* AcademicEatsAuth.swift */,
				46B3E8D429FF7CDF0016401E /* AcademicEatService.swift */,
			);
			path = Services;
			sourceTree = "<group>";
		};
		6B45738129FB473F00A6627B /* HomeViews */ = {
			isa = PBXGroup;
			children = (
				6BA0E10B29F71FD40032D902 /* HomeView.swift */,
				016499D32A01D08E00574798 /* RecipeCarousel.swift */,
			);
			path = HomeViews;
			sourceTree = "<group>";
		};
		6B4D201129F75EA4008B8DE4 /* SearchViews */ = {
			isa = PBXGroup;
			children = (
				6BA0E10D29F71FF80032D902 /* SearchRecipe.swift */,
				6BA0E11729F72F210032D902 /* RecipeList.swift */,
			);
			path = SearchViews;
			sourceTree = "<group>";
		};
		6BA0E0F029F71B5E0032D902 = {
			isa = PBXGroup;
			children = (
				6BA0E0FB29F71B5E0032D902 /* AcademicEats */,
				6BA0E0FA29F71B5E0032D902 /* Products */,
			);
			sourceTree = "<group>";
		};
		6BA0E0FA29F71B5E0032D902 /* Products */ = {
			isa = PBXGroup;
			children = (
				6BA0E0F929F71B5E0032D902 /* AcademicEats.app */,
			);
			name = Products;
			sourceTree = "<group>";
		};
		6BA0E0FB29F71B5E0032D902 /* AcademicEats */ = {
			isa = PBXGroup;
			children = (
				6BA0E0FC29F71B5E0032D902 /* AcademicEatsApp.swift */,
				6BA0E0FE29F71B5E0032D902 /* ContentView.swift */,
				46B188A82A00D0010000BC14 /* AcademicEats.swift */,
				7A92679B29F7871100CF61D4 /* AcademicEatsDelegate.swift */,
				6BA0E10A29F71FA00032D902 /* Views */,
				467FB4E429FF097F007CDB03 /* Services */,
				016499D22A00A57800574798 /* API */,
				7A92679129F7781F00CF61D4 /* Model */,
				7A92679229F7789B00CF61D4 /* GoogleService-Info.plist */,
				6BA0E10029F71B5F0032D902 /* Assets.xcassets */,
				6BA0E10229F71B5F0032D902 /* Preview Content */,
			);
			path = AcademicEats;
			sourceTree = "<group>";
		};
		6BA0E10229F71B5F0032D902 /* Preview Content */ = {
			isa = PBXGroup;
			children = (
				6BA0E10329F71B5F0032D902 /* Preview Assets.xcassets */,
			);
			path = "Preview Content";
			sourceTree = "<group>";
		};
		6BA0E10A29F71FA00032D902 /* Views */ = {
			isa = PBXGroup;
			children = (
				7A89032C29FA445000E96B9F /* AuthenticationViewController.swift */,
				6BA0E10F29F720A70032D902 /* TabBar.swift */,
				6BA0E11529F729FF0032D902 /* RecipeCard.swift */,
				6BA0E11929F732750032D902 /* RecipeDetailView.swift */,
				6B45738129FB473F00A6627B /* HomeViews */,
				6B4D201129F75EA4008B8DE4 /* SearchViews */,
				016499D72A0200B800574798 /* FavoritesViews */,
			);
			path = Views;
			sourceTree = "<group>";
		};
		7A92679129F7781F00CF61D4 /* Model */ = {
			isa = PBXGroup;
			children = (
				6B4D200C29F74843008B8DE4 /* SubMeal.swift */,
				6B4D201529F76871008B8DE4 /* MealDetail.swift */,
			);
			path = Model;
			sourceTree = "<group>";
		};
/* End PBXGroup section */

/* Begin PBXNativeTarget section */
		6BA0E0F829F71B5E0032D902 /* AcademicEats */ = {
			isa = PBXNativeTarget;
			buildConfigurationList = 6BA0E10729F71B5F0032D902 /* Build configuration list for PBXNativeTarget "AcademicEats" */;
			buildPhases = (
				6BA0E0F529F71B5E0032D902 /* Sources */,
				6BA0E0F629F71B5E0032D902 /* Frameworks */,
				6BA0E0F729F71B5E0032D902 /* Resources */,
			);
			buildRules = (
			);
			dependencies = (
			);
			name = AcademicEats;
			packageProductDependencies = (
				7A92679529F7849500CF61D4 /* FirebaseAuth */,
				7A92679729F7849500CF61D4 /* FirebaseDatabase */,
				7A92679929F7849500CF61D4 /* FirebaseFirestore */,
				7A89032429FA3CA300E96B9F /* FirebaseAuthUI */,
				7A89032629FA3CA300E96B9F /* FirebaseEmailAuthUI */,
			);
			productName = AcademicEats;
			productReference = 6BA0E0F929F71B5E0032D902 /* AcademicEats.app */;
			productType = "com.apple.product-type.application";
		};
/* End PBXNativeTarget section */

/* Begin PBXProject section */
		6BA0E0F129F71B5E0032D902 /* Project object */ = {
			isa = PBXProject;
			attributes = {
				BuildIndependentTargetsInParallel = 1;
				LastSwiftUpdateCheck = 1420;
				LastUpgradeCheck = 1420;
				TargetAttributes = {
					6BA0E0F829F71B5E0032D902 = {
						CreatedOnToolsVersion = 14.2;
					};
				};
			};
			buildConfigurationList = 6BA0E0F429F71B5E0032D902 /* Build configuration list for PBXProject "AcademicEats" */;
			compatibilityVersion = "Xcode 14.0";
			developmentRegion = en;
			hasScannedForEncodings = 0;
			knownRegions = (
				en,
				Base,
			);
			mainGroup = 6BA0E0F029F71B5E0032D902;
			packageReferences = (
				7A92679429F7849500CF61D4 /* XCRemoteSwiftPackageReference "firebase-ios-sdk" */,
				7A89032329FA3CA300E96B9F /* XCRemoteSwiftPackageReference "FirebaseUI-iOS" */,
			);
			productRefGroup = 6BA0E0FA29F71B5E0032D902 /* Products */;
			projectDirPath = "";
			projectRoot = "";
			targets = (
				6BA0E0F829F71B5E0032D902 /* AcademicEats */,
			);
		};
/* End PBXProject section */

/* Begin PBXResourcesBuildPhase section */
		6BA0E0F729F71B5E0032D902 /* Resources */ = {
			isa = PBXResourcesBuildPhase;
			buildActionMask = 2147483647;
			files = (
				6BA0E10429F71B5F0032D902 /* Preview Assets.xcassets in Resources */,
				6BA0E10129F71B5F0032D902 /* Assets.xcassets in Resources */,
				7A92679329F7789B00CF61D4 /* GoogleService-Info.plist in Resources */,
			);
			runOnlyForDeploymentPostprocessing = 0;
		};
/* End PBXResourcesBuildPhase section */

/* Begin PBXSourcesBuildPhase section */
		6BA0E0F529F71B5E0032D902 /* Sources */ = {
			isa = PBXSourcesBuildPhase;
			buildActionMask = 2147483647;
			files = (
				6BA0E0FF29F71B5E0032D902 /* ContentView.swift in Sources */,
				6BA0E11A29F732750032D902 /* RecipeDetailView.swift in Sources */,
				6BA0E11829F72F210032D902 /* RecipeList.swift in Sources */,
				016499D42A01D08E00574798 /* RecipeCarousel.swift in Sources */,
				46B188AB2A01893B0000BC14 /* FavoriteButton.swift in Sources */,
				7A89032D29FA445000E96B9F /* AuthenticationViewController.swift in Sources */,
				7A89032B29FA424500E96B9F /* AcademicEatsAuth.swift in Sources */,
				7A92679C29F7871100CF61D4 /* AcademicEatsDelegate.swift in Sources */,
				6B4D200D29F74843008B8DE4 /* SubMeal.swift in Sources */,
				6BA0E10C29F71FD40032D902 /* HomeView.swift in Sources */,
				6BA0E0FD29F71B5E0032D902 /* AcademicEatsApp.swift in Sources */,
				6BA0E11229F720DA0032D902 /* FavoriteRecipes.swift in Sources */,
				46B188A92A00D0010000BC14 /* AcademicEats.swift in Sources */,
				46B3E8D529FF7CDF0016401E /* AcademicEatService.swift in Sources */,
				6B4D200F29F74B56008B8DE4 /* MealGenerator.swift in Sources */,
				6B4D201629F76871008B8DE4 /* MealDetail.swift in Sources */,
				6BA0E11629F729FF0032D902 /* RecipeCard.swift in Sources */,
				6BA0E10E29F71FF80032D902 /* SearchRecipe.swift in Sources */,
				6BA0E11029F720A70032D902 /* TabBar.swift in Sources */,
			);
			runOnlyForDeploymentPostprocessing = 0;
		};
/* End PBXSourcesBuildPhase section */

/* Begin XCBuildConfiguration section */
		6BA0E10529F71B5F0032D902 /* Debug */ = {
			isa = XCBuildConfiguration;
			buildSettings = {
				ALWAYS_SEARCH_USER_PATHS = NO;
				CLANG_ANALYZER_NONNULL = YES;
				CLANG_ANALYZER_NUMBER_OBJECT_CONVERSION = YES_AGGRESSIVE;
				CLANG_CXX_LANGUAGE_STANDARD = "gnu++20";
				CLANG_ENABLE_MODULES = YES;
				CLANG_ENABLE_OBJC_ARC = YES;
				CLANG_ENABLE_OBJC_WEAK = YES;
				CLANG_WARN_BLOCK_CAPTURE_AUTORELEASING = YES;
				CLANG_WARN_BOOL_CONVERSION = YES;
				CLANG_WARN_COMMA = YES;
				CLANG_WARN_CONSTANT_CONVERSION = YES;
				CLANG_WARN_DEPRECATED_OBJC_IMPLEMENTATIONS = YES;
				CLANG_WARN_DIRECT_OBJC_ISA_USAGE = YES_ERROR;
				CLANG_WARN_DOCUMENTATION_COMMENTS = YES;
				CLANG_WARN_EMPTY_BODY = YES;
				CLANG_WARN_ENUM_CONVERSION = YES;
				CLANG_WARN_INFINITE_RECURSION = YES;
				CLANG_WARN_INT_CONVERSION = YES;
				CLANG_WARN_NON_LITERAL_NULL_CONVERSION = YES;
				CLANG_WARN_OBJC_IMPLICIT_RETAIN_SELF = YES;
				CLANG_WARN_OBJC_LITERAL_CONVERSION = YES;
				CLANG_WARN_OBJC_ROOT_CLASS = YES_ERROR;
				CLANG_WARN_QUOTED_INCLUDE_IN_FRAMEWORK_HEADER = YES;
				CLANG_WARN_RANGE_LOOP_ANALYSIS = YES;
				CLANG_WARN_STRICT_PROTOTYPES = YES;
				CLANG_WARN_SUSPICIOUS_MOVE = YES;
				CLANG_WARN_UNGUARDED_AVAILABILITY = YES_AGGRESSIVE;
				CLANG_WARN_UNREACHABLE_CODE = YES;
				CLANG_WARN__DUPLICATE_METHOD_MATCH = YES;
				COPY_PHASE_STRIP = NO;
				DEBUG_INFORMATION_FORMAT = dwarf;
				ENABLE_STRICT_OBJC_MSGSEND = YES;
				ENABLE_TESTABILITY = YES;
				GCC_C_LANGUAGE_STANDARD = gnu11;
				GCC_DYNAMIC_NO_PIC = NO;
				GCC_NO_COMMON_BLOCKS = YES;
				GCC_OPTIMIZATION_LEVEL = 0;
				GCC_PREPROCESSOR_DEFINITIONS = (
					"DEBUG=1",
					"$(inherited)",
				);
				GCC_WARN_64_TO_32_BIT_CONVERSION = YES;
				GCC_WARN_ABOUT_RETURN_TYPE = YES_ERROR;
				GCC_WARN_UNDECLARED_SELECTOR = YES;
				GCC_WARN_UNINITIALIZED_AUTOS = YES_AGGRESSIVE;
				GCC_WARN_UNUSED_FUNCTION = YES;
				GCC_WARN_UNUSED_VARIABLE = YES;
				IPHONEOS_DEPLOYMENT_TARGET = 16.2;
				MTL_ENABLE_DEBUG_INFO = INCLUDE_SOURCE;
				MTL_FAST_MATH = YES;
				ONLY_ACTIVE_ARCH = YES;
				SDKROOT = iphoneos;
				SWIFT_ACTIVE_COMPILATION_CONDITIONS = DEBUG;
				SWIFT_OPTIMIZATION_LEVEL = "-Onone";
			};
			name = Debug;
		};
		6BA0E10629F71B5F0032D902 /* Release */ = {
			isa = XCBuildConfiguration;
			buildSettings = {
				ALWAYS_SEARCH_USER_PATHS = NO;
				CLANG_ANALYZER_NONNULL = YES;
				CLANG_ANALYZER_NUMBER_OBJECT_CONVERSION = YES_AGGRESSIVE;
				CLANG_CXX_LANGUAGE_STANDARD = "gnu++20";
				CLANG_ENABLE_MODULES = YES;
				CLANG_ENABLE_OBJC_ARC = YES;
				CLANG_ENABLE_OBJC_WEAK = YES;
				CLANG_WARN_BLOCK_CAPTURE_AUTORELEASING = YES;
				CLANG_WARN_BOOL_CONVERSION = YES;
				CLANG_WARN_COMMA = YES;
				CLANG_WARN_CONSTANT_CONVERSION = YES;
				CLANG_WARN_DEPRECATED_OBJC_IMPLEMENTATIONS = YES;
				CLANG_WARN_DIRECT_OBJC_ISA_USAGE = YES_ERROR;
				CLANG_WARN_DOCUMENTATION_COMMENTS = YES;
				CLANG_WARN_EMPTY_BODY = YES;
				CLANG_WARN_ENUM_CONVERSION = YES;
				CLANG_WARN_INFINITE_RECURSION = YES;
				CLANG_WARN_INT_CONVERSION = YES;
				CLANG_WARN_NON_LITERAL_NULL_CONVERSION = YES;
				CLANG_WARN_OBJC_IMPLICIT_RETAIN_SELF = YES;
				CLANG_WARN_OBJC_LITERAL_CONVERSION = YES;
				CLANG_WARN_OBJC_ROOT_CLASS = YES_ERROR;
				CLANG_WARN_QUOTED_INCLUDE_IN_FRAMEWORK_HEADER = YES;
				CLANG_WARN_RANGE_LOOP_ANALYSIS = YES;
				CLANG_WARN_STRICT_PROTOTYPES = YES;
				CLANG_WARN_SUSPICIOUS_MOVE = YES;
				CLANG_WARN_UNGUARDED_AVAILABILITY = YES_AGGRESSIVE;
				CLANG_WARN_UNREACHABLE_CODE = YES;
				CLANG_WARN__DUPLICATE_METHOD_MATCH = YES;
				COPY_PHASE_STRIP = NO;
				DEBUG_INFORMATION_FORMAT = "dwarf-with-dsym";
				ENABLE_NS_ASSERTIONS = NO;
				ENABLE_STRICT_OBJC_MSGSEND = YES;
				GCC_C_LANGUAGE_STANDARD = gnu11;
				GCC_NO_COMMON_BLOCKS = YES;
				GCC_WARN_64_TO_32_BIT_CONVERSION = YES;
				GCC_WARN_ABOUT_RETURN_TYPE = YES_ERROR;
				GCC_WARN_UNDECLARED_SELECTOR = YES;
				GCC_WARN_UNINITIALIZED_AUTOS = YES_AGGRESSIVE;
				GCC_WARN_UNUSED_FUNCTION = YES;
				GCC_WARN_UNUSED_VARIABLE = YES;
				IPHONEOS_DEPLOYMENT_TARGET = 16.2;
				MTL_ENABLE_DEBUG_INFO = NO;
				MTL_FAST_MATH = YES;
				SDKROOT = iphoneos;
				SWIFT_COMPILATION_MODE = wholemodule;
				SWIFT_OPTIMIZATION_LEVEL = "-O";
				VALIDATE_PRODUCT = YES;
			};
			name = Release;
		};
		6BA0E10829F71B5F0032D902 /* Debug */ = {
			isa = XCBuildConfiguration;
			buildSettings = {
				ASSETCATALOG_COMPILER_APPICON_NAME = AppIcon;
				ASSETCATALOG_COMPILER_GLOBAL_ACCENT_COLOR_NAME = AccentColor;
				CODE_SIGN_STYLE = Automatic;
				CURRENT_PROJECT_VERSION = 1;
				DEVELOPMENT_ASSET_PATHS = "\"AcademicEats/Preview Content\"";
				ENABLE_PREVIEWS = YES;
				GENERATE_INFOPLIST_FILE = YES;
				INFOPLIST_KEY_UIApplicationSceneManifest_Generation = YES;
				INFOPLIST_KEY_UIApplicationSupportsIndirectInputEvents = YES;
				INFOPLIST_KEY_UILaunchScreen_Generation = YES;
				INFOPLIST_KEY_UISupportedInterfaceOrientations_iPad = "UIInterfaceOrientationPortrait UIInterfaceOrientationPortraitUpsideDown UIInterfaceOrientationLandscapeLeft UIInterfaceOrientationLandscapeRight";
				INFOPLIST_KEY_UISupportedInterfaceOrientations_iPhone = "UIInterfaceOrientationPortrait UIInterfaceOrientationLandscapeLeft UIInterfaceOrientationLandscapeRight";
				LD_RUNPATH_SEARCH_PATHS = (
					"$(inherited)",
					"@executable_path/Frameworks",
				);
				MARKETING_VERSION = 1.0;
				PRODUCT_BUNDLE_IDENTIFIER = lmu.edu.AcademicEats;
				PRODUCT_NAME = "$(TARGET_NAME)";
				SWIFT_EMIT_LOC_STRINGS = YES;
				SWIFT_VERSION = 5.0;
				TARGETED_DEVICE_FAMILY = "1,2";
			};
			name = Debug;
		};
		6BA0E10929F71B5F0032D902 /* Release */ = {
			isa = XCBuildConfiguration;
			buildSettings = {
				ASSETCATALOG_COMPILER_APPICON_NAME = AppIcon;
				ASSETCATALOG_COMPILER_GLOBAL_ACCENT_COLOR_NAME = AccentColor;
				CODE_SIGN_STYLE = Automatic;
				CURRENT_PROJECT_VERSION = 1;
				DEVELOPMENT_ASSET_PATHS = "\"AcademicEats/Preview Content\"";
				ENABLE_PREVIEWS = YES;
				GENERATE_INFOPLIST_FILE = YES;
				INFOPLIST_KEY_UIApplicationSceneManifest_Generation = YES;
				INFOPLIST_KEY_UIApplicationSupportsIndirectInputEvents = YES;
				INFOPLIST_KEY_UILaunchScreen_Generation = YES;
				INFOPLIST_KEY_UISupportedInterfaceOrientations_iPad = "UIInterfaceOrientationPortrait UIInterfaceOrientationPortraitUpsideDown UIInterfaceOrientationLandscapeLeft UIInterfaceOrientationLandscapeRight";
				INFOPLIST_KEY_UISupportedInterfaceOrientations_iPhone = "UIInterfaceOrientationPortrait UIInterfaceOrientationLandscapeLeft UIInterfaceOrientationLandscapeRight";
				LD_RUNPATH_SEARCH_PATHS = (
					"$(inherited)",
					"@executable_path/Frameworks",
				);
				MARKETING_VERSION = 1.0;
				PRODUCT_BUNDLE_IDENTIFIER = lmu.edu.AcademicEats;
				PRODUCT_NAME = "$(TARGET_NAME)";
				SWIFT_EMIT_LOC_STRINGS = YES;
				SWIFT_VERSION = 5.0;
				TARGETED_DEVICE_FAMILY = "1,2";
			};
			name = Release;
		};
/* End XCBuildConfiguration section */

/* Begin XCConfigurationList section */
		6BA0E0F429F71B5E0032D902 /* Build configuration list for PBXProject "AcademicEats" */ = {
			isa = XCConfigurationList;
			buildConfigurations = (
				6BA0E10529F71B5F0032D902 /* Debug */,
				6BA0E10629F71B5F0032D902 /* Release */,
			);
			defaultConfigurationIsVisible = 0;
			defaultConfigurationName = Release;
		};
		6BA0E10729F71B5F0032D902 /* Build configuration list for PBXNativeTarget "AcademicEats" */ = {
			isa = XCConfigurationList;
			buildConfigurations = (
				6BA0E10829F71B5F0032D902 /* Debug */,
				6BA0E10929F71B5F0032D902 /* Release */,
			);
			defaultConfigurationIsVisible = 0;
			defaultConfigurationName = Release;
		};
/* End XCConfigurationList section */

/* Begin XCRemoteSwiftPackageReference section */
		7A89032329FA3CA300E96B9F /* XCRemoteSwiftPackageReference "FirebaseUI-iOS" */ = {
			isa = XCRemoteSwiftPackageReference;
			repositoryURL = "https://github.com/firebase/FirebaseUI-iOS.git";
			requirement = {
				kind = exactVersion;
				version = 12.3.1;
			};
		};
		7A92679429F7849500CF61D4 /* XCRemoteSwiftPackageReference "firebase-ios-sdk" */ = {
			isa = XCRemoteSwiftPackageReference;
			repositoryURL = "https://github.com/firebase/firebase-ios-sdk.git";
			requirement = {
				kind = exactVersion;
				version = 10.6.0;
			};
		};
/* End XCRemoteSwiftPackageReference section */

/* Begin XCSwiftPackageProductDependency section */
		7A89032429FA3CA300E96B9F /* FirebaseAuthUI */ = {
			isa = XCSwiftPackageProductDependency;
			package = 7A89032329FA3CA300E96B9F /* XCRemoteSwiftPackageReference "FirebaseUI-iOS" */;
			productName = FirebaseAuthUI;
		};
		7A89032629FA3CA300E96B9F /* FirebaseEmailAuthUI */ = {
			isa = XCSwiftPackageProductDependency;
			package = 7A89032329FA3CA300E96B9F /* XCRemoteSwiftPackageReference "FirebaseUI-iOS" */;
			productName = FirebaseEmailAuthUI;
		};
		7A92679529F7849500CF61D4 /* FirebaseAuth */ = {
			isa = XCSwiftPackageProductDependency;
			package = 7A92679429F7849500CF61D4 /* XCRemoteSwiftPackageReference "firebase-ios-sdk" */;
			productName = FirebaseAuth;
		};
		7A92679729F7849500CF61D4 /* FirebaseDatabase */ = {
			isa = XCSwiftPackageProductDependency;
			package = 7A92679429F7849500CF61D4 /* XCRemoteSwiftPackageReference "firebase-ios-sdk" */;
			productName = FirebaseDatabase;
		};
		7A92679929F7849500CF61D4 /* FirebaseFirestore */ = {
			isa = XCSwiftPackageProductDependency;
			package = 7A92679429F7849500CF61D4 /* XCRemoteSwiftPackageReference "firebase-ios-sdk" */;
			productName = FirebaseFirestore;
		};
/* End XCSwiftPackageProductDependency section */
	};
	rootObject = 6BA0E0F129F71B5E0032D902 /* Project object */;
}
